// !$*UTF8*$!
{
	archiveVersion = 1;
	classes = {
	};
	objectVersion = 46;
	objects = {

/* Begin PBXBuildFile section */
		7C863EAA1CFED80300004E81 /* main.m in Sources */ = {isa = PBXBuildFile; fileRef = 7C863EA91CFED80300004E81 /* main.m */; };
		7C863EAD1CFED80300004E81 /* AppDelegate.m in Sources */ = {isa = PBXBuildFile; fileRef = 7C863EAC1CFED80300004E81 /* AppDelegate.m */; };
		7C863EB01CFED80300004E81 /* ViewController.m in Sources */ = {isa = PBXBuildFile; fileRef = 7C863EAF1CFED80300004E81 /* ViewController.m */; };
		7C863EB31CFED80300004E81 /* Main.storyboard in Resources */ = {isa = PBXBuildFile; fileRef = 7C863EB11CFED80300004E81 /* Main.storyboard */; };
		7C863EB51CFED80300004E81 /* Assets.xcassets in Resources */ = {isa = PBXBuildFile; fileRef = 7C863EB41CFED80300004E81 /* Assets.xcassets */; };
		7C863EB81CFED80300004E81 /* LaunchScreen.storyboard in Resources */ = {isa = PBXBuildFile; fileRef = 7C863EB61CFED80300004E81 /* LaunchScreen.storyboard */; };
		7C863EC11CFEE2D100004E81 /* CycleBannersView.m in Sources */ = {isa = PBXBuildFile; fileRef = 7C863EC01CFEE2D100004E81 /* CycleBannersView.m */; };
		7C863EC31CFEE2F200004E81 /* CycleBannersView.xib in Resources */ = {isa = PBXBuildFile; fileRef = 7C863EC21CFEE2F200004E81 /* CycleBannersView.xib */; };
		7C863EC91CFEE44300004E81 /* 0.jpg in Resources */ = {isa = PBXBuildFile; fileRef = 7C863EC51CFEE44300004E81 /* 0.jpg */; };
		7C863ECF1CFEE4CC00004E81 /* CycleBannersCollectionViewCell.m in Sources */ = {isa = PBXBuildFile; fileRef = 7C863ECD1CFEE4CC00004E81 /* CycleBannersCollectionViewCell.m */; };
		7C863ED01CFEE4CC00004E81 /* CycleBannersCollectionViewCell.xib in Resources */ = {isa = PBXBuildFile; fileRef = 7C863ECE1CFEE4CC00004E81 /* CycleBannersCollectionViewCell.xib */; };
		7C863ED91CFEE7C000004E81 /* 1.jpg in Resources */ = {isa = PBXBuildFile; fileRef = 7C863ED11CFEE7C000004E81 /* 1.jpg */; };
		7C863EDA1CFEE7C000004E81 /* 2.jpg in Resources */ = {isa = PBXBuildFile; fileRef = 7C863ED21CFEE7C000004E81 /* 2.jpg */; };
		7C863EDB1CFEE7C000004E81 /* 3.jpg in Resources */ = {isa = PBXBuildFile; fileRef = 7C863ED31CFEE7C000004E81 /* 3.jpg */; };
		7C863EDC1CFEE7C000004E81 /* 4.jpg in Resources */ = {isa = PBXBuildFile; fileRef = 7C863ED41CFEE7C000004E81 /* 4.jpg */; };
		7C863EDD1CFEE7C000004E81 /* 5.jpg in Resources */ = {isa = PBXBuildFile; fileRef = 7C863ED51CFEE7C000004E81 /* 5.jpg */; };
		7C863EDE1CFEE7C000004E81 /* 6.jpg in Resources */ = {isa = PBXBuildFile; fileRef = 7C863ED61CFEE7C000004E81 /* 6.jpg */; };
		7C863EDF1CFEE7C000004E81 /* 7.jpg in Resources */ = {isa = PBXBuildFile; fileRef = 7C863ED71CFEE7C000004E81 /* 7.jpg */; };
		7C863EE01CFEE7C000004E81 /* 8.jpg in Resources */ = {isa = PBXBuildFile; fileRef = 7C863ED81CFEE7C000004E81 /* 8.jpg */; };
/* End PBXBuildFile section */

/* Begin PBXFileReference section */
		7C863EA51CFED80300004E81 /* CircleBannersDemo.app */ = {isa = PBXFileReference; explicitFileType = wrapper.application; includeInIndex = 0; path = CircleBannersDemo.app; sourceTree = BUILT_PRODUCTS_DIR; };
		7C863EA91CFED80300004E81 /* main.m */ = {isa = PBXFileReference; lastKnownFileType = sourcecode.c.objc; path = main.m; sourceTree = "<group>"; };
		7C863EAB1CFED80300004E81 /* AppDelegate.h */ = {isa = PBXFileReference; lastKnownFileType = sourcecode.c.h; path = AppDelegate.h; sourceTree = "<group>"; };
		7C863EAC1CFED80300004E81 /* AppDelegate.m */ = {isa = PBXFileReference; lastKnownFileType = sourcecode.c.objc; path = AppDelegate.m; sourceTree = "<group>"; };
		7C863EAE1CFED80300004E81 /* ViewController.h */ = {isa = PBXFileReference; lastKnownFileType = sourcecode.c.h; path = ViewController.h; sourceTree = "<group>"; };
		7C863EAF1CFED80300004E81 /* ViewController.m */ = {isa = PBXFileReference; lastKnownFileType = sourcecode.c.objc; path = ViewController.m; sourceTree = "<group>"; };
		7C863EB21CFED80300004E81 /* Base */ = {isa = PBXFileReference; lastKnownFileType = file.storyboard; name = Base; path = Base.lproj/Main.storyboard; sourceTree = "<group>"; };
		7C863EB41CFED80300004E81 /* Assets.xcassets */ = {isa = PBXFileReference; lastKnownFileType = folder.assetcatalog; path = Assets.xcassets; sourceTree = "<group>"; };
		7C863EB71CFED80300004E81 /* Base */ = {isa = PBXFileReference; lastKnownFileType = file.storyboard; name = Base; path = Base.lproj/LaunchScreen.storyboard; sourceTree = "<group>"; };
		7C863EB91CFED80300004E81 /* Info.plist */ = {isa = PBXFileReference; lastKnownFileType = text.plist.xml; path = Info.plist; sourceTree = "<group>"; };
		7C863EBF1CFEE2D100004E81 /* CycleBannersView.h */ = {isa = PBXFileReference; fileEncoding = 4; lastKnownFileType = sourcecode.c.h; path = CycleBannersView.h; sourceTree = "<group>"; };
		7C863EC01CFEE2D100004E81 /* CycleBannersView.m */ = {isa = PBXFileReference; fileEncoding = 4; lastKnownFileType = sourcecode.c.objc; path = CycleBannersView.m; sourceTree = "<group>"; };
		7C863EC21CFEE2F200004E81 /* CycleBannersView.xib */ = {isa = PBXFileReference; fileEncoding = 4; lastKnownFileType = file.xib; path = CycleBannersView.xib; sourceTree = "<group>"; };
		7C863EC51CFEE44300004E81 /* 0.jpg */ = {isa = PBXFileReference; lastKnownFileType = image.jpeg; path = 0.jpg; sourceTree = "<group>"; };
		7C863ECC1CFEE4CC00004E81 /* CycleBannersCollectionViewCell.h */ = {isa = PBXFileReference; fileEncoding = 4; lastKnownFileType = sourcecode.c.h; path = CycleBannersCollectionViewCell.h; sourceTree = "<group>"; };
		7C863ECD1CFEE4CC00004E81 /* CycleBannersCollectionViewCell.m */ = {isa = PBXFileReference; fileEncoding = 4; lastKnownFileType = sourcecode.c.objc; path = CycleBannersCollectionViewCell.m; sourceTree = "<group>"; };
		7C863ECE1CFEE4CC00004E81 /* CycleBannersCollectionViewCell.xib */ = {isa = PBXFileReference; fileEncoding = 4; lastKnownFileType = file.xib; path = CycleBannersCollectionViewCell.xib; sourceTree = "<group>"; };
		7C863ED11CFEE7C000004E81 /* 1.jpg */ = {isa = PBXFileReference; lastKnownFileType = image.jpeg; path = 1.jpg; sourceTree = "<group>"; };
		7C863ED21CFEE7C000004E81 /* 2.jpg */ = {isa = PBXFileReference; lastKnownFileType = image.jpeg; path = 2.jpg; sourceTree = "<group>"; };
		7C863ED31CFEE7C000004E81 /* 3.jpg */ = {isa = PBXFileReference; lastKnownFileType = image.jpeg; path = 3.jpg; sourceTree = "<group>"; };
		7C863ED41CFEE7C000004E81 /* 4.jpg */ = {isa = PBXFileReference; lastKnownFileType = image.jpeg; path = 4.jpg; sourceTree = "<group>"; };
		7C863ED51CFEE7C000004E81 /* 5.jpg */ = {isa = PBXFileReference; lastKnownFileType = image.jpeg; path = 5.jpg; sourceTree = "<group>"; };
		7C863ED61CFEE7C000004E81 /* 6.jpg */ = {isa = PBXFileReference; lastKnownFileType = image.jpeg; path = 6.jpg; sourceTree = "<group>"; };
		7C863ED71CFEE7C000004E81 /* 7.jpg */ = {isa = PBXFileReference; lastKnownFileType = image.jpeg; path = 7.jpg; sourceTree = "<group>"; };
		7C863ED81CFEE7C000004E81 /* 8.jpg */ = {isa = PBXFileReference; lastKnownFileType = image.jpeg; path = 8.jpg; sourceTree = "<group>"; };
/* End PBXFileReference section */

/* Begin PBXFrameworksBuildPhase section */
		7C863EA21CFED80300004E81 /* Frameworks */ = {
			isa = PBXFrameworksBuildPhase;
			buildActionMask = 2147483647;
			files = (
			);
			runOnlyForDeploymentPostprocessing = 0;
		};
/* End PBXFrameworksBuildPhase section */

/* Begin PBXGroup section */
		7C863E9C1CFED80300004E81 = {
			isa = PBXGroup;
			children = (
				7C863EA71CFED80300004E81 /* CircleBannersDemo */,
				7C863EA61CFED80300004E81 /* Products */,
			);
			sourceTree = "<group>";
		};
		7C863EA61CFED80300004E81 /* Products */ = {
			isa = PBXGroup;
			children = (
				7C863EA51CFED80300004E81 /* CircleBannersDemo.app */,
			);
			name = Products;
			sourceTree = "<group>";
		};
		7C863EA71CFED80300004E81 /* CircleBannersDemo */ = {
			isa = PBXGroup;
			children = (
				7C863EAB1CFED80300004E81 /* AppDelegate.h */,
				7C863EAC1CFED80300004E81 /* AppDelegate.m */,
				7C863EAE1CFED80300004E81 /* ViewController.h */,
				7C863EAF1CFED80300004E81 /* ViewController.m */,
				7C863EB11CFED80300004E81 /* Main.storyboard */,
				7C863ECC1CFEE4CC00004E81 /* CycleBannersCollectionViewCell.h */,
				7C863ECD1CFEE4CC00004E81 /* CycleBannersCollectionViewCell.m */,
				7C863ECE1CFEE4CC00004E81 /* CycleBannersCollectionViewCell.xib */,
				7C863EBF1CFEE2D100004E81 /* CycleBannersView.h */,
				7C863EC01CFEE2D100004E81 /* CycleBannersView.m */,
				7C863EC21CFEE2F200004E81 /* CycleBannersView.xib */,
				7C863EB41CFED80300004E81 /* Assets.xcassets */,
				7C863EB61CFED80300004E81 /* LaunchScreen.storyboard */,
				7C863EB91CFED80300004E81 /* Info.plist */,
				7C863EA81CFED80300004E81 /* Supporting Files */,
			);
			path = CircleBannersDemo;
			sourceTree = "<group>";
		};
		7C863EA81CFED80300004E81 /* Supporting Files */ = {
			isa = PBXGroup;
			children = (
				7C863ED11CFEE7C000004E81 /* 1.jpg */,
				7C863ED21CFEE7C000004E81 /* 2.jpg */,
				7C863ED31CFEE7C000004E81 /* 3.jpg */,
				7C863ED41CFEE7C000004E81 /* 4.jpg */,
				7C863ED51CFEE7C000004E81 /* 5.jpg */,
				7C863ED61CFEE7C000004E81 /* 6.jpg */,
				7C863ED71CFEE7C000004E81 /* 7.jpg */,
				7C863ED81CFEE7C000004E81 /* 8.jpg */,
				7C863EC51CFEE44300004E81 /* 0.jpg */,
				7C863EA91CFED80300004E81 /* main.m */,
			);
			name = "Supporting Files";
			sourceTree = "<group>";
		};
/* End PBXGroup section */

/* Begin PBXNativeTarget section */
		7C863EA41CFED80300004E81 /* CircleBannersDemo */ = {
			isa = PBXNativeTarget;
			buildConfigurationList = 7C863EBC1CFED80300004E81 /* Build configuration list for PBXNativeTarget "CircleBannersDemo" */;
			buildPhases = (
				7C863EA11CFED80300004E81 /* Sources */,
				7C863EA21CFED80300004E81 /* Frameworks */,
				7C863EA31CFED80300004E81 /* Resources */,
			);
			buildRules = (
			);
			dependencies = (
			);
			name = CircleBannersDemo;
			productName = CircleBannersDemo;
			productReference = 7C863EA51CFED80300004E81 /* CircleBannersDemo.app */;
			productType = "com.apple.product-type.application";
		};
/* End PBXNativeTarget section */

/* Begin PBXProject section */
		7C863E9D1CFED80300004E81 /* Project object */ = {
			isa = PBXProject;
			attributes = {
				LastUpgradeCheck = 0720;
				ORGANIZATIONNAME = Netease;
				TargetAttributes = {
					7C863EA41CFED80300004E81 = {
						CreatedOnToolsVersion = 7.2;
					};
				};
			};
			buildConfigurationList = 7C863EA01CFED80300004E81 /* Build configuration list for PBXProject "CircleBannersDemo" */;
			compatibilityVersion = "Xcode 3.2";
			developmentRegion = English;
			hasScannedForEncodings = 0;
			knownRegions = (
				en,
				Base,
			);
			mainGroup = 7C863E9C1CFED80300004E81;
			productRefGroup = 7C863EA61CFED80300004E81 /* Products */;
			projectDirPath = "";
			projectRoot = "";
			targets = (
				7C863EA41CFED80300004E81 /* CircleBannersDemo */,
			);
		};
/* End PBXProject section */

/* Begin PBXResourcesBuildPhase section */
		7C863EA31CFED80300004E81 /* Resources */ = {
			isa = PBXResourcesBuildPhase;
			buildActionMask = 2147483647;
			files = (
				7C863EDA1CFEE7C000004E81 /* 2.jpg in Resources */,
				7C863EDB1CFEE7C000004E81 /* 3.jpg in Resources */,
				7C863EB81CFED80300004E81 /* LaunchScreen.storyboard in Resources */,
				7C863EC91CFEE44300004E81 /* 0.jpg in Resources */,
				7C863EC31CFEE2F200004E81 /* CycleBannersView.xib in Resources */,
				7C863EB51CFED80300004E81 /* Assets.xcassets in Resources */,
				7C863EDE1CFEE7C000004E81 /* 6.jpg in Resources */,
				7C863ED01CFEE4CC00004E81 /* CycleBannersCollectionViewCell.xib in Resources */,
				7C863EE01CFEE7C000004E81 /* 8.jpg in Resources */,
				7C863EDF1CFEE7C000004E81 /* 7.jpg in Resources */,
				7C863EB31CFED80300004E81 /* Main.storyboard in Resources */,
				7C863EDD1CFEE7C000004E81 /* 5.jpg in Resources */,
				7C863ED91CFEE7C000004E81 /* 1.jpg in Resources */,
				7C863EDC1CFEE7C000004E81 /* 4.jpg in Resources */,
			);
			runOnlyForDeploymentPostprocessing = 0;
		};
/* End PBXResourcesBuildPhase section */

/* Begin PBXSourcesBuildPhase section */
		7C863EA11CFED80300004E81 /* Sources */ = {
			isa = PBXSourcesBuildPhase;
			buildActionMask = 2147483647;
			files = (
				7C863EB01CFED80300004E81 /* ViewController.m in Sources */,
				7C863EC11CFEE2D100004E81 /* CycleBannersView.m in Sources */,
				7C863EAD1CFED80300004E81 /* AppDelegate.m in Sources */,
				7C863ECF1CFEE4CC00004E81 /* CycleBannersCollectionViewCell.m in Sources */,
				7C863EAA1CFED80300004E81 /* main.m in Sources */,
			);
			runOnlyForDeploymentPostprocessing = 0;
		};
/* End PBXSourcesBuildPhase section */

/* Begin PBXVariantGroup section */
		7C863EB11CFED80300004E81 /* Main.storyboard */ = {
			isa = PBXVariantGroup;
			children = (
				7C863EB21CFED80300004E81 /* Base */,
			);
			name = Main.storyboard;
			sourceTree = "<group>";
		};
		7C863EB61CFED80300004E81 /* LaunchScreen.storyboard */ = {
			isa = PBXVariantGroup;
			children = (
				7C863EB71CFED80300004E81 /* Base */,
			);
			name = LaunchScreen.storyboard;
			sourceTree = "<group>";
		};
/* End PBXVariantGroup section */

/* Begin XCBuildConfiguration section */
		7C863EBA1CFED80300004E81 /* Debug */ = {
			isa = XCBuildConfiguration;
			buildSettings = {
				ALWAYS_SEARCH_USER_PATHS = NO;
				CLANG_CXX_LANGUAGE_STANDARD = "gnu++0x";
				CLANG_CXX_LIBRARY = "libc++";
				CLANG_ENABLE_MODULES = YES;
				CLANG_ENABLE_OBJC_ARC = YES;
				CLANG_WARN_BOOL_CONVERSION = YES;
				CLANG_WARN_CONSTANT_CONVERSION = YES;
				CLANG_WARN_DIRECT_OBJC_ISA_USAGE = YES_ERROR;
				CLANG_WARN_EMPTY_BODY = YES;
				CLANG_WARN_ENUM_CONVERSION = YES;
				CLANG_WARN_INT_CONVERSION = YES;
				CLANG_WARN_OBJC_ROOT_CLASS = YES_ERROR;
				CLANG_WARN_UNREACHABLE_CODE = YES;
				CLANG_WARN__DUPLICATE_METHOD_MATCH = YES;
				"CODE_SIGN_IDENTITY[sdk=iphoneos*]" = "iPhone Developer";
				COPY_PHASE_STRIP = NO;
				DEBUG_INFORMATION_FORMAT = dwarf;
				ENABLE_STRICT_OBJC_MSGSEND = YES;
				ENABLE_TESTABILITY = YES;
				GCC_C_LANGUAGE_STANDARD = gnu99;
				GCC_DYNAMIC_NO_PIC = NO;
				GCC_NO_COMMON_BLOCKS = YES;
				GCC_OPTIMIZATION_LEVEL = 0;
				GCC_PREPROCESSOR_DEFINITIONS = (
					"DEBUG=1",
					"$(inherited)",
				);
				GCC_WARN_64_TO_32_BIT_CONVERSION = YES;
				GCC_WARN_ABOUT_RETURN_TYPE = YES_ERROR;
				GCC_WARN_UNDECLARED_SELECTOR = YES;
				GCC_WARN_UNINITIALIZED_AUTOS = YES_AGGRESSIVE;
				GCC_WARN_UNUSED_FUNCTION = YES;
				GCC_WARN_UNUSED_VARIABLE = YES;
				IPHONEOS_DEPLOYMENT_TARGET = 9.2;
				MTL_ENABLE_DEBUG_INFO = YES;
				ONLY_ACTIVE_ARCH = YES;
				SDKROOT = iphoneos;
				TARGETED_DEVICE_FAMILY = "1,2";
			};
			name = Debug;
		};
		7C863EBB1CFED80300004E81 /* Release */ = {
			isa = XCBuildConfiguration;
			buildSettings = {
				ALWAYS_SEARCH_USER_PATHS = NO;
				CLANG_CXX_LANGUAGE_STANDARD = "gnu++0x";
				CLANG_CXX_LIBRARY = "libc++";
				CLANG_ENABLE_MODULES = YES;
				CLANG_ENABLE_OBJC_ARC = YES;
				CLANG_WARN_BOOL_CONVERSION = YES;
				CLANG_WARN_CONSTANT_CONVERSION = YES;
				CLANG_WARN_DIRECT_OBJC_ISA_USAGE = YES_ERROR;
				CLANG_WARN_EMPTY_BODY = YES;
				CLANG_WARN_ENUM_CONVERSION = YES;
				CLANG_WARN_INT_CONVERSION = YES;
				CLANG_WARN_OBJC_ROOT_CLASS = YES_ERROR;
				CLANG_WARN_UNREACHABLE_CODE = YES;
				CLANG_WARN__DUPLICATE_METHOD_MATCH = YES;
				"CODE_SIGN_IDENTITY[sdk=iphoneos*]" = "iPhone Developer";
				COPY_PHASE_STRIP = NO;
				DEBUG_INFORMATION_FORMAT = "dwarf-with-dsym";
				ENABLE_NS_ASSERTIONS = NO;
				ENABLE_STRICT_OBJC_MSGSEND = YES;
				GCC_C_LANGUAGE_STANDARD = gnu99;
				GCC_NO_COMMON_BLOCKS = YES;
				GCC_WARN_64_TO_32_BIT_CONVERSION = YES;
				GCC_WARN_ABOUT_RETURN_TYPE = YES_ERROR;
				GCC_WARN_UNDECLARED_SELECTOR = YES;
				GCC_WARN_UNINITIALIZED_AUTOS = YES_AGGRESSIVE;
				GCC_WARN_UNUSED_FUNCTION = YES;
				GCC_WARN_UNUSED_VARIABLE = YES;
				IPHONEOS_DEPLOYMENT_TARGET = 9.2;
				MTL_ENABLE_DEBUG_INFO = NO;
				SDKROOT = iphoneos;
				TARGETED_DEVICE_FAMILY = "1,2";
				VALIDATE_PRODUCT = YES;
			};
			name = Release;
		};
		7C863EBD1CFED80300004E81 /* Debug */ = {
			isa = XCBuildConfiguration;
			buildSettings = {
				ASSETCATALOG_COMPILER_APPICON_NAME = AppIcon;
				INFOPLIST_FILE = CircleBannersDemo/Info.plist;
				LD_RUNPATH_SEARCH_PATHS = "$(inherited) @executable_path/Frameworks";
				PRODUCT_BUNDLE_IDENTIFIER = xu.wei.CircleBannersDemo;
				PRODUCT_NAME = "$(TARGET_NAME)";
			};
			name = Debug;
		};
		7C863EBE1CFED80300004E81 /* Release */ = {
			isa = XCBuildConfiguration;
			buildSettings = {
				ASSETCATALOG_COMPILER_APPICON_NAME = AppIcon;
				INFOPLIST_FILE = CircleBannersDemo/Info.plist;
				LD_RUNPATH_SEARCH_PATHS = "$(inherited) @executable_path/Frameworks";
				PRODUCT_BUNDLE_IDENTIFIER = xu.wei.CircleBannersDemo;
				PRODUCT_NAME = "$(TARGET_NAME)";
			};
			name = Release;
		};
/* End XCBuildConfiguration section */

/* Begin XCConfigurationList section */
		7C863EA01CFED80300004E81 /* Build configuration list for PBXProject "CircleBannersDemo" */ = {
			isa = XCConfigurationList;
			buildConfigurations = (
				7C863EBA1CFED80300004E81 /* Debug */,
				7C863EBB1CFED80300004E81 /* Release */,
			);
			defaultConfigurationIsVisible = 0;
			defaultConfigurationName = Release;
		};
		7C863EBC1CFED80300004E81 /* Build configuration list for PBXNativeTarget "CircleBannersDemo" */ = {
			isa = XCConfigurationList;
			buildConfigurations = (
				7C863EBD1CFED80300004E81 /* Debug */,
				7C863EBE1CFED80300004E81 /* Release */,
			);
			defaultConfigurationIsVisible = 0;
		};
/* End XCConfigurationList section */
	};
	rootObject = 7C863E9D1CFED80300004E81 /* Project object */;
}
